// !$*UTF8*$!
{
	archiveVersion = 1;
	classes = {
	};
	objectVersion = 56;
	objects = {

/* Begin PBXBuildFile section */
		439A5EB129CD7485006FD841 /* AppDelegate.swift in Sources */ = {isa = PBXBuildFile; fileRef = 439A5EB029CD7485006FD841 /* AppDelegate.swift */; };
		439A5EB329CD7485006FD841 /* SceneDelegate.swift in Sources */ = {isa = PBXBuildFile; fileRef = 439A5EB229CD7485006FD841 /* SceneDelegate.swift */; };
		439A5EB529CD7485006FD841 /* ViewController.swift in Sources */ = {isa = PBXBuildFile; fileRef = 439A5EB429CD7485006FD841 /* ViewController.swift */; };
		439A5EB829CD7485006FD841 /* Main.storyboard in Resources */ = {isa = PBXBuildFile; fileRef = 439A5EB629CD7485006FD841 /* Main.storyboard */; };
		439A5EBB29CD7485006FD841 /* Itzel.xcdatamodeld in Sources */ = {isa = PBXBuildFile; fileRef = 439A5EB929CD7485006FD841 /* Itzel.xcdatamodeld */; };
		439A5EBD29CD7488006FD841 /* Assets.xcassets in Resources */ = {isa = PBXBuildFile; fileRef = 439A5EBC29CD7488006FD841 /* Assets.xcassets */; };
		439A5EC029CD7488006FD841 /* LaunchScreen.storyboard in Resources */ = {isa = PBXBuildFile; fileRef = 439A5EBE29CD7488006FD841 /* LaunchScreen.storyboard */; };
/* End PBXBuildFile section */

/* Begin PBXFileReference section */
		439A5EAD29CD7485006FD841 /* Itzel.app */ = {isa = PBXFileReference; explicitFileType = wrapper.application; includeInIndex = 0; path = Itzel.app; sourceTree = BUILT_PRODUCTS_DIR; };
		439A5EB029CD7485006FD841 /* AppDelegate.swift */ = {isa = PBXFileReference; lastKnownFileType = sourcecode.swift; path = AppDelegate.swift; sourceTree = "<group>"; };
		439A5EB229CD7485006FD841 /* SceneDelegate.swift */ = {isa = PBXFileReference; lastKnownFileType = sourcecode.swift; path = SceneDelegate.swift; sourceTree = "<group>"; };
		439A5EB429CD7485006FD841 /* ViewController.swift */ = {isa = PBXFileReference; lastKnownFileType = sourcecode.swift; path = ViewController.swift; sourceTree = "<group>"; };
		439A5EB729CD7485006FD841 /* Base */ = {isa = PBXFileReference; lastKnownFileType = file.storyboard; name = Base; path = Base.lproj/Main.storyboard; sourceTree = "<group>"; };
		439A5EBA29CD7485006FD841 /* Itzel.xcdatamodel */ = {isa = PBXFileReference; lastKnownFileType = wrapper.xcdatamodel; path = Itzel.xcdatamodel; sourceTree = "<group>"; };
		439A5EBC29CD7488006FD841 /* Assets.xcassets */ = {isa = PBXFileReference; lastKnownFileType = folder.assetcatalog; path = Assets.xcassets; sourceTree = "<group>"; };
		439A5EBF29CD7488006FD841 /* Base */ = {isa = PBXFileReference; lastKnownFileType = file.storyboard; name = Base; path = Base.lproj/LaunchScreen.storyboard; sourceTree = "<group>"; };
		439A5EC129CD7488006FD841 /* Info.plist */ = {isa = PBXFileReference; lastKnownFileType = text.plist.xml; path = Info.plist; sourceTree = "<group>"; };
/* End PBXFileReference section */

/* Begin PBXFrameworksBuildPhase section */
		439A5EAA29CD7485006FD841 /* Frameworks */ = {
			isa = PBXFrameworksBuildPhase;
			buildActionMask = 2147483647;
			files = (
			);
			runOnlyForDeploymentPostprocessing = 0;
		};
/* End PBXFrameworksBuildPhase section */

/* Begin PBXGroup section */
		439A5EA429CD7485006FD841 = {
			isa = PBXGroup;
			children = (
				439A5EAF29CD7485006FD841 /* Itzel */,
				439A5EAE29CD7485006FD841 /* Products */,
			);
			sourceTree = "<group>";
		};
		439A5EAE29CD7485006FD841 /* Products */ = {
			isa = PBXGroup;
			children = (
				439A5EAD29CD7485006FD841 /* Itzel.app */,
			);
			name = Products;
			sourceTree = "<group>";
		};
		439A5EAF29CD7485006FD841 /* Itzel */ = {
			isa = PBXGroup;
			children = (
				439A5EB029CD7485006FD841 /* AppDelegate.swift */,
				439A5EB229CD7485006FD841 /* SceneDelegate.swift */,
				439A5EB429CD7485006FD841 /* ViewController.swift */,
				439A5EB629CD7485006FD841 /* Main.storyboard */,
				439A5EBC29CD7488006FD841 /* Assets.xcassets */,
				439A5EBE29CD7488006FD841 /* LaunchScreen.storyboard */,
				439A5EC129CD7488006FD841 /* Info.plist */,
				439A5EB929CD7485006FD841 /* Itzel.xcdatamodeld */,
			);
			path = Itzel;
			sourceTree = "<group>";
		};
/* End PBXGroup section */

/* Begin PBXNativeTarget section */
		439A5EAC29CD7485006FD841 /* Itzel */ = {
			isa = PBXNativeTarget;
			buildConfigurationList = 439A5EC429CD7488006FD841 /* Build configuration list for PBXNativeTarget "Itzel" */;
			buildPhases = (
				439A5EA929CD7485006FD841 /* Sources */,
				439A5EAA29CD7485006FD841 /* Frameworks */,
				439A5EAB29CD7485006FD841 /* Resources */,
			);
			buildRules = (
			);
			dependencies = (
			);
			name = Itzel;
			productName = Itzel;
			productReference = 439A5EAD29CD7485006FD841 /* Itzel.app */;
			productType = "com.apple.product-type.application";
		};
/* End PBXNativeTarget section */

/* Begin PBXProject section */
		439A5EA529CD7485006FD841 /* Project object */ = {
			isa = PBXProject;
			attributes = {
				BuildIndependentTargetsInParallel = 1;
				LastSwiftUpdateCheck = 1420;
				LastUpgradeCheck = 1420;
				TargetAttributes = {
					439A5EAC29CD7485006FD841 = {
						CreatedOnToolsVersion = 14.2;
					};
				};
			};
			buildConfigurationList = 439A5EA829CD7485006FD841 /* Build configuration list for PBXProject "Itzel" */;
			compatibilityVersion = "Xcode 14.0";
			developmentRegion = en;
			hasScannedForEncodings = 0;
			knownRegions = (
				en,
				Base,
			);
			mainGroup = 439A5EA429CD7485006FD841;
			productRefGroup = 439A5EAE29CD7485006FD841 /* Products */;
			projectDirPath = "";
			projectRoot = "";
			targets = (
				439A5EAC29CD7485006FD841 /* Itzel */,
			);
		};
/* End PBXProject section */

/* Begin PBXResourcesBuildPhase section */
		439A5EAB29CD7485006FD841 /* Resources */ = {
			isa = PBXResourcesBuildPhase;
			buildActionMask = 2147483647;
			files = (
				439A5EC029CD7488006FD841 /* LaunchScreen.storyboard in Resources */,
				439A5EBD29CD7488006FD841 /* Assets.xcassets in Resources */,
				439A5EB829CD7485006FD841 /* Main.storyboard in Resources */,
			);
			runOnlyForDeploymentPostprocessing = 0;
		};
/* End PBXResourcesBuildPhase section */

/* Begin PBXSourcesBuildPhase section */
		439A5EA929CD7485006FD841 /* Sources */ = {
			isa = PBXSourcesBuildPhase;
			buildActionMask = 2147483647;
			files = (
				439A5EB529CD7485006FD841 /* ViewController.swift in Sources */,
				439A5EB129CD7485006FD841 /* AppDelegate.swift in Sources */,
				439A5EBB29CD7485006FD841 /* Itzel.xcdatamodeld in Sources */,
				439A5EB329CD7485006FD841 /* SceneDelegate.swift in Sources */,
			);
			runOnlyForDeploymentPostprocessing = 0;
		};
/* End PBXSourcesBuildPhase section */

/* Begin PBXVariantGroup section */
		439A5EB629CD7485006FD841 /* Main.storyboard */ = {
			isa = PBXVariantGroup;
			children = (
				439A5EB729CD7485006FD841 /* Base */,
			);
			name = Main.storyboard;
			sourceTree = "<group>";
		};
		439A5EBE29CD7488006FD841 /* LaunchScreen.storyboard */ = {
			isa = PBXVariantGroup;
			children = (
				439A5EBF29CD7488006FD841 /* Base */,
			);
			name = LaunchScreen.storyboard;
			sourceTree = "<group>";
		};
/* End PBXVariantGroup section */

/* Begin XCBuildConfiguration section */
		439A5EC229CD7488006FD841 /* Debug */ = {
			isa = XCBuildConfiguration;
			buildSettings = {
				ALWAYS_SEARCH_USER_PATHS = NO;
				CLANG_ANALYZER_NONNULL = YES;
				CLANG_ANALYZER_NUMBER_OBJECT_CONVERSION = YES_AGGRESSIVE;
				CLANG_CXX_LANGUAGE_STANDARD = "gnu++20";
				CLANG_ENABLE_MODULES = YES;
				CLANG_ENABLE_OBJC_ARC = YES;
				CLANG_ENABLE_OBJC_WEAK = YES;
				CLANG_WARN_BLOCK_CAPTURE_AUTORELEASING = YES;
				CLANG_WARN_BOOL_CONVERSION = YES;
				CLANG_WARN_COMMA = YES;
				CLANG_WARN_CONSTANT_CONVERSION = YES;
				CLANG_WARN_DEPRECATED_OBJC_IMPLEMENTATIONS = YES;
				CLANG_WARN_DIRECT_OBJC_ISA_USAGE = YES_ERROR;
				CLANG_WARN_DOCUMENTATION_COMMENTS = YES;
				CLANG_WARN_EMPTY_BODY = YES;
				CLANG_WARN_ENUM_CONVERSION = YES;
				CLANG_WARN_INFINITE_RECURSION = YES;
				CLANG_WARN_INT_CONVERSION = YES;
				CLANG_WARN_NON_LITERAL_NULL_CONVERSION = YES;
				CLANG_WARN_OBJC_IMPLICIT_RETAIN_SELF = YES;
				CLANG_WARN_OBJC_LITERAL_CONVERSION = YES;
				CLANG_WARN_OBJC_ROOT_CLASS = YES_ERROR;
				CLANG_WARN_QUOTED_INCLUDE_IN_FRAMEWORK_HEADER = YES;
				CLANG_WARN_RANGE_LOOP_ANALYSIS = YES;
				CLANG_WARN_STRICT_PROTOTYPES = YES;
				CLANG_WARN_SUSPICIOUS_MOVE = YES;
				CLANG_WARN_UNGUARDED_AVAILABILITY = YES_AGGRESSIVE;
				CLANG_WARN_UNREACHABLE_CODE = YES;
				CLANG_WARN__DUPLICATE_METHOD_MATCH = YES;
				COPY_PHASE_STRIP = NO;
				DEBUG_INFORMATION_FORMAT = dwarf;
				ENABLE_STRICT_OBJC_MSGSEND = YES;
				ENABLE_TESTABILITY = YES;
				GCC_C_LANGUAGE_STANDARD = gnu11;
				GCC_DYNAMIC_NO_PIC = NO;
				GCC_NO_COMMON_BLOCKS = YES;
				GCC_OPTIMIZATION_LEVEL = 0;
				GCC_PREPROCESSOR_DEFINITIONS = (
					"DEBUG=1",
					"$(inherited)",
				);
				GCC_WARN_64_TO_32_BIT_CONVERSION = YES;
				GCC_WARN_ABOUT_RETURN_TYPE = YES_ERROR;
				GCC_WARN_UNDECLARED_SELECTOR = YES;
				GCC_WARN_UNINITIALIZED_AUTOS = YES_AGGRESSIVE;
				GCC_WARN_UNUSED_FUNCTION = YES;
				GCC_WARN_UNUSED_VARIABLE = YES;
				IPHONEOS_DEPLOYMENT_TARGET = 16.2;
				MTL_ENABLE_DEBUG_INFO = INCLUDE_SOURCE;
				MTL_FAST_MATH = YES;
				ONLY_ACTIVE_ARCH = YES;
				SDKROOT = iphoneos;
				SWIFT_ACTIVE_COMPILATION_CONDITIONS = DEBUG;
				SWIFT_OPTIMIZATION_LEVEL = "-Onone";
			};
			name = Debug;
		};
		439A5EC329CD7488006FD841 /* Release */ = {
			isa = XCBuildConfiguration;
			buildSettings = {
				ALWAYS_SEARCH_USER_PATHS = NO;
				CLANG_ANALYZER_NONNULL = YES;
				CLANG_ANALYZER_NUMBER_OBJECT_CONVERSION = YES_AGGRESSIVE;
				CLANG_CXX_LANGUAGE_STANDARD = "gnu++20";
				CLANG_ENABLE_MODULES = YES;
				CLANG_ENABLE_OBJC_ARC = YES;
				CLANG_ENABLE_OBJC_WEAK = YES;
				CLANG_WARN_BLOCK_CAPTURE_AUTORELEASING = YES;
				CLANG_WARN_BOOL_CONVERSION = YES;
				CLANG_WARN_COMMA = YES;
				CLANG_WARN_CONSTANT_CONVERSION = YES;
				CLANG_WARN_DEPRECATED_OBJC_IMPLEMENTATIONS = YES;
				CLANG_WARN_DIRECT_OBJC_ISA_USAGE = YES_ERROR;
				CLANG_WARN_DOCUMENTATION_COMMENTS = YES;
				CLANG_WARN_EMPTY_BODY = YES;
				CLANG_WARN_ENUM_CONVERSION = YES;
				CLANG_WARN_INFINITE_RECURSION = YES;
				CLANG_WARN_INT_CONVERSION = YES;
				CLANG_WARN_NON_LITERAL_NULL_CONVERSION = YES;
				CLANG_WARN_OBJC_IMPLICIT_RETAIN_SELF = YES;
				CLANG_WARN_OBJC_LITERAL_CONVERSION = YES;
				CLANG_WARN_OBJC_ROOT_CLASS = YES_ERROR;
				CLANG_WARN_QUOTED_INCLUDE_IN_FRAMEWORK_HEADER = YES;
				CLANG_WARN_RANGE_LOOP_ANALYSIS = YES;
				CLANG_WARN_STRICT_PROTOTYPES = YES;
				CLANG_WARN_SUSPICIOUS_MOVE = YES;
				CLANG_WARN_UNGUARDED_AVAILABILITY = YES_AGGRESSIVE;
				CLANG_WARN_UNREACHABLE_CODE = YES;
				CLANG_WARN__DUPLICATE_METHOD_MATCH = YES;
				COPY_PHASE_STRIP = NO;
				DEBUG_INFORMATION_FORMAT = "dwarf-with-dsym";
				ENABLE_NS_ASSERTIONS = NO;
				ENABLE_STRICT_OBJC_MSGSEND = YES;
				GCC_C_LANGUAGE_STANDARD = gnu11;
				GCC_NO_COMMON_BLOCKS = YES;
				GCC_WARN_64_TO_32_BIT_CONVERSION = YES;
				GCC_WARN_ABOUT_RETURN_TYPE = YES_ERROR;
				GCC_WARN_UNDECLARED_SELECTOR = YES;
				GCC_WARN_UNINITIALIZED_AUTOS = YES_AGGRESSIVE;
				GCC_WARN_UNUSED_FUNCTION = YES;
				GCC_WARN_UNUSED_VARIABLE = YES;
				IPHONEOS_DEPLOYMENT_TARGET = 16.2;
				MTL_ENABLE_DEBUG_INFO = NO;
				MTL_FAST_MATH = YES;
				SDKROOT = iphoneos;
				SWIFT_COMPILATION_MODE = wholemodule;
				SWIFT_OPTIMIZATION_LEVEL = "-O";
				VALIDATE_PRODUCT = YES;
			};
			name = Release;
		};
		439A5EC529CD7488006FD841 /* Debug */ = {
			isa = XCBuildConfiguration;
			buildSettings = {
				ASSETCATALOG_COMPILER_APPICON_NAME = AppIcon;
				ASSETCATALOG_COMPILER_GLOBAL_ACCENT_COLOR_NAME = AccentColor;
				CODE_SIGN_STYLE = Automatic;
				CURRENT_PROJECT_VERSION = 1;
				DEVELOPMENT_TEAM = 988FJHCK69;
				GENERATE_INFOPLIST_FILE = YES;
				INFOPLIST_FILE = Itzel/Info.plist;
				INFOPLIST_KEY_UIApplicationSupportsIndirectInputEvents = YES;
				INFOPLIST_KEY_UILaunchStoryboardName = LaunchScreen;
				INFOPLIST_KEY_UIMainStoryboardFile = Main;
				INFOPLIST_KEY_UISupportedInterfaceOrientations_iPad = "UIInterfaceOrientationPortrait UIInterfaceOrientationPortraitUpsideDown UIInterfaceOrientationLandscapeLeft UIInterfaceOrientationLandscapeRight";
				INFOPLIST_KEY_UISupportedInterfaceOrientations_iPhone = "UIInterfaceOrientationPortrait UIInterfaceOrientationLandscapeLeft UIInterfaceOrientationLandscapeRight";
				LD_RUNPATH_SEARCH_PATHS = (
					"$(inherited)",
					"@executable_path/Frameworks",
				);
				MARKETING_VERSION = 1.0;
				PRODUCT_BUNDLE_IDENTIFIER = LM.Itzel;
				PRODUCT_NAME = "$(TARGET_NAME)";
				SWIFT_EMIT_LOC_STRINGS = YES;
				SWIFT_VERSION = 5.0;
				TARGETED_DEVICE_FAMILY = "1,2";
			};
			name = Debug;
		};
		439A5EC629CD7488006FD841 /* Release */ = {
			isa = XCBuildConfiguration;
			buildSettings = {
				ASSETCATALOG_COMPILER_APPICON_NAME = AppIcon;
				ASSETCATALOG_COMPILER_GLOBAL_ACCENT_COLOR_NAME = AccentColor;
				CODE_SIGN_STYLE = Automatic;
				CURRENT_PROJECT_VERSION = 1;
				DEVELOPMENT_TEAM = 988FJHCK69;
				GENERATE_INFOPLIST_FILE = YES;
				INFOPLIST_FILE = Itzel/Info.plist;
				INFOPLIST_KEY_UIApplicationSupportsIndirectInputEvents = YES;
				INFOPLIST_KEY_UILaunchStoryboardName = LaunchScreen;
				INFOPLIST_KEY_UIMainStoryboardFile = Main;
				INFOPLIST_KEY_UISupportedInterfaceOrientations_iPad = "UIInterfaceOrientationPortrait UIInterfaceOrientationPortraitUpsideDown UIInterfaceOrientationLandscapeLeft UIInterfaceOrientationLandscapeRight";
				INFOPLIST_KEY_UISupportedInterfaceOrientations_iPhone = "UIInterfaceOrientationPortrait UIInterfaceOrientationLandscapeLeft UIInterfaceOrientationLandscapeRight";
				LD_RUNPATH_SEARCH_PATHS = (
					"$(inherited)",
					"@executable_path/Frameworks",
				);
				MARKETING_VERSION = 1.0;
				PRODUCT_BUNDLE_IDENTIFIER = LM.Itzel;
				PRODUCT_NAME = "$(TARGET_NAME)";
				SWIFT_EMIT_LOC_STRINGS = YES;
				SWIFT_VERSION = 5.0;
				TARGETED_DEVICE_FAMILY = "1,2";
			};
			name = Release;
		};
/* End XCBuildConfiguration section */

/* Begin XCConfigurationList section */
		439A5EA829CD7485006FD841 /* Build configuration list for PBXProject "Itzel" */ = {
			isa = XCConfigurationList;
			buildConfigurations = (
				439A5EC229CD7488006FD841 /* Debug */,
				439A5EC329CD7488006FD841 /* Release */,
			);
			defaultConfigurationIsVisible = 0;
			defaultConfigurationName = Release;
		};
		439A5EC429CD7488006FD841 /* Build configuration list for PBXNativeTarget "Itzel" */ = {
			isa = XCConfigurationList;
			buildConfigurations = (
				439A5EC529CD7488006FD841 /* Debug */,
				439A5EC629CD7488006FD841 /* Release */,
			);
			defaultConfigurationIsVisible = 0;
			defaultConfigurationName = Release;
		};
/* End XCConfigurationList section */

/* Begin XCVersionGroup section */
		439A5EB929CD7485006FD841 /* Itzel.xcdatamodeld */ = {
			isa = XCVersionGroup;
			children = (
				439A5EBA29CD7485006FD841 /* Itzel.xcdatamodel */,
			);
			currentVersion = 439A5EBA29CD7485006FD841 /* Itzel.xcdatamodel */;
			path = Itzel.xcdatamodeld;
			sourceTree = "<group>";
			versionGroupType = wrapper.xcdatamodel;
		};
/* End XCVersionGroup section */
	};
	rootObject = 439A5EA529CD7485006FD841 /* Project object */;
}
